
Microsoft Visual Studio Solution File, Format Version 12.00
# Visual Studio Version 16
VisualStudioVersion = 16.0.29709.97
MinimumVisualStudioVersion = 10.0.40219.1
Project("{F184B08F-C81C-45F6-A57F-5ABD9991F28F}") = "PCAxis.Web.Core", "PCAxis.Web.Core\PCAxis.Web.Core.vbproj", "{BC004D40-DDC6-446E-A3DF-5D4BA0AE92B8}"
EndProject
Project("{F184B08F-C81C-45F6-A57F-5ABD9991F28F}") = "PCAxis.Web.Controls", "PCAxis.Web.Controls\PCAxis.Web.Controls.vbproj", "{0F886CCB-3476-4756-816C-7792A9C73FE2}"
EndProject
Project("{FAE04EC0-301F-11D3-BF4B-00C04F79EFBC}") = "CSSFriendly", "CSSFriendly\CSSFriendly.csproj", "{1439911B-BE4E-48A0-9208-927321992C67}"
EndProject
Project("{FAE04EC0-301F-11D3-BF4B-00C04F79EFBC}") = "PXWeb", "PXWeb\PXWeb.csproj", "{15F0B569-43EF-4391-92A0-693AD70F3E7B}"
EndProject
Project("{FAE04EC0-301F-11D3-BF4B-00C04F79EFBC}") = "PCAxis.Charting", "PCAxis.Charting\PxChart\PCAxis.Charting.csproj", "{4B66B6A5-FC81-4943-9C55-DDBCD69ACA4E}"
EndProject
Project("{FAE04EC0-301F-11D3-BF4B-00C04F79EFBC}") = "PCAxis.Chart", "PCAxis.Charts\PCAxis.Chart.csproj", "{DF9DA2F6-7942-4834-8B51-8F6358DE8DB8}"
EndProject
Project("{FAE04EC0-301F-11D3-BF4B-00C04F79EFBC}") = "PCAxis.Api", "PCAxis.Api\PCAxis.Api.csproj", "{8EB90826-A01B-494D-A596-E5C5F9815C3B}"
EndProject
Project("{FAE04EC0-301F-11D3-BF4B-00C04F79EFBC}") = "PCAxis.Excel.Web.Controls", "PCAxis.Excel.Web.Controls\PCAxis.Excel.Web.Controls.csproj", "{30D1FC66-E47B-4417-8BD5-1693F09E028B}"
EndProject
Project("{FAE04EC0-301F-11D3-BF4B-00C04F79EFBC}") = "PCAxis.Search", "PCAxis.Search\PCAxis.Search.csproj", "{DD41BC03-2B7A-4D76-AF3C-39830AE8E75D}"
EndProject
Project("{FAE04EC0-301F-11D3-BF4B-00C04F79EFBC}") = "PCAxis.JsonStat.Web.Controls", "PCAxis.JsonStat.Web.Controls\PCAxis.JsonStat.Web.Controls.csproj", "{6C558014-E4DB-4399-A759-12E916F0BA4E}"
EndProject
Project("{2150E333-8FDC-42A3-9474-1A3956D46DE8}") = ".nuget", ".nuget", "{E255536D-7C9F-42A7-9C95-2CBD7E216CFE}"
	ProjectSection(SolutionItems) = preProject
		.nuget\packages.config = .nuget\packages.config
	EndProjectSection
EndProject
Project("{FAE04EC0-301F-11D3-BF4B-00C04F79EFBC}") = "PX.Web.Interfaces", "PX.Web.Interfaces\PX.Web.Interfaces.csproj", "{01468F9C-F679-49FE-9C9F-B127868D86A6}"
EndProject
Project("{FAE04EC0-301F-11D3-BF4B-00C04F79EFBC}") = "PCAxis.Html5Table.Web.Controls", "PCAxis.Html5Table.Web.Controls\PCAxis.Html5Table.Web.Controls.csproj", "{C21F6414-06B0-406C-9864-B6C72D2009BB}"
EndProject
Project("{FAE04EC0-301F-11D3-BF4B-00C04F79EFBC}") = "PX.Json.Web.Controls", "PX.Json.Web.Controls\PX.Json.Web.Controls.csproj", "{CD8B2DC6-72C2-4459-9BC8-EB5291877316}"
EndProject
Project("{FAE04EC0-301F-11D3-BF4B-00C04F79EFBC}") = "PX.Security", "PX.Security\PX.Security.csproj", "{DCB50C42-C3D0-48F9-9C1F-8D5AF99DDB95}"
EndProject
Project("{FAE04EC0-301F-11D3-BF4B-00C04F79EFBC}") = "PCAxis.JsonStat2.Web.Controls", "PCAxis.JsonStat2.Web.Controls\PCAxis.JsonStat2.Web.Controls.csproj", "{6E74C29D-772B-40B8-868F-DC74711E052D}"
EndProject
Global
	GlobalSection(SolutionConfigurationPlatforms) = preSolution
		Debug|Any CPU = Debug|Any CPU
		Release|Any CPU = Release|Any CPU
	EndGlobalSection
	GlobalSection(ProjectConfigurationPlatforms) = postSolution
		{BC004D40-DDC6-446E-A3DF-5D4BA0AE92B8}.Debug|Any CPU.ActiveCfg = Debug|Any CPU
		{BC004D40-DDC6-446E-A3DF-5D4BA0AE92B8}.Debug|Any CPU.Build.0 = Debug|Any CPU
		{BC004D40-DDC6-446E-A3DF-5D4BA0AE92B8}.Release|Any CPU.ActiveCfg = Release|Any CPU
		{BC004D40-DDC6-446E-A3DF-5D4BA0AE92B8}.Release|Any CPU.Build.0 = Release|Any CPU
		{0F886CCB-3476-4756-816C-7792A9C73FE2}.Debug|Any CPU.ActiveCfg = Debug|Any CPU
		{0F886CCB-3476-4756-816C-7792A9C73FE2}.Debug|Any CPU.Build.0 = Debug|Any CPU
		{0F886CCB-3476-4756-816C-7792A9C73FE2}.Release|Any CPU.ActiveCfg = Release|Any CPU
		{0F886CCB-3476-4756-816C-7792A9C73FE2}.Release|Any CPU.Build.0 = Release|Any CPU
		{1439911B-BE4E-48A0-9208-927321992C67}.Debug|Any CPU.ActiveCfg = Debug|Any CPU
		{1439911B-BE4E-48A0-9208-927321992C67}.Debug|Any CPU.Build.0 = Debug|Any CPU
		{1439911B-BE4E-48A0-9208-927321992C67}.Release|Any CPU.ActiveCfg = Release|Any CPU
		{1439911B-BE4E-48A0-9208-927321992C67}.Release|Any CPU.Build.0 = Release|Any CPU
		{15F0B569-43EF-4391-92A0-693AD70F3E7B}.Debug|Any CPU.ActiveCfg = Debug|Any CPU
		{15F0B569-43EF-4391-92A0-693AD70F3E7B}.Debug|Any CPU.Build.0 = Debug|Any CPU
		{15F0B569-43EF-4391-92A0-693AD70F3E7B}.Release|Any CPU.ActiveCfg = Release|Any CPU
		{15F0B569-43EF-4391-92A0-693AD70F3E7B}.Release|Any CPU.Build.0 = Release|Any CPU
		{4B66B6A5-FC81-4943-9C55-DDBCD69ACA4E}.Debug|Any CPU.ActiveCfg = Debug|Any CPU
		{4B66B6A5-FC81-4943-9C55-DDBCD69ACA4E}.Debug|Any CPU.Build.0 = Debug|Any CPU
		{4B66B6A5-FC81-4943-9C55-DDBCD69ACA4E}.Release|Any CPU.ActiveCfg = Release|Any CPU
		{4B66B6A5-FC81-4943-9C55-DDBCD69ACA4E}.Release|Any CPU.Build.0 = Release|Any CPU
		{DF9DA2F6-7942-4834-8B51-8F6358DE8DB8}.Debug|Any CPU.ActiveCfg = Debug|Any CPU
		{DF9DA2F6-7942-4834-8B51-8F6358DE8DB8}.Debug|Any CPU.Build.0 = Debug|Any CPU
		{DF9DA2F6-7942-4834-8B51-8F6358DE8DB8}.Release|Any CPU.ActiveCfg = Release|Any CPU
		{DF9DA2F6-7942-4834-8B51-8F6358DE8DB8}.Release|Any CPU.Build.0 = Release|Any CPU
		{8EB90826-A01B-494D-A596-E5C5F9815C3B}.Debug|Any CPU.ActiveCfg = Debug|Any CPU
		{8EB90826-A01B-494D-A596-E5C5F9815C3B}.Debug|Any CPU.Build.0 = Debug|Any CPU
		{8EB90826-A01B-494D-A596-E5C5F9815C3B}.Release|Any CPU.ActiveCfg = Release|Any CPU
		{8EB90826-A01B-494D-A596-E5C5F9815C3B}.Release|Any CPU.Build.0 = Release|Any CPU
		{30D1FC66-E47B-4417-8BD5-1693F09E028B}.Debug|Any CPU.ActiveCfg = Debug|Any CPU
		{30D1FC66-E47B-4417-8BD5-1693F09E028B}.Debug|Any CPU.Build.0 = Debug|Any CPU
		{30D1FC66-E47B-4417-8BD5-1693F09E028B}.Release|Any CPU.ActiveCfg = Release|Any CPU
		{30D1FC66-E47B-4417-8BD5-1693F09E028B}.Release|Any CPU.Build.0 = Release|Any CPU
		{DD41BC03-2B7A-4D76-AF3C-39830AE8E75D}.Debug|Any CPU.ActiveCfg = Debug|Any CPU
		{DD41BC03-2B7A-4D76-AF3C-39830AE8E75D}.Debug|Any CPU.Build.0 = Debug|Any CPU
		{DD41BC03-2B7A-4D76-AF3C-39830AE8E75D}.Release|Any CPU.ActiveCfg = Release|Any CPU
		{DD41BC03-2B7A-4D76-AF3C-39830AE8E75D}.Release|Any CPU.Build.0 = Release|Any CPU
		{6C558014-E4DB-4399-A759-12E916F0BA4E}.Debug|Any CPU.ActiveCfg = Debug|Any CPU
		{6C558014-E4DB-4399-A759-12E916F0BA4E}.Debug|Any CPU.Build.0 = Debug|Any CPU
		{6C558014-E4DB-4399-A759-12E916F0BA4E}.Release|Any CPU.ActiveCfg = Release|Any CPU
		{6C558014-E4DB-4399-A759-12E916F0BA4E}.Release|Any CPU.Build.0 = Release|Any CPU
		{01468F9C-F679-49FE-9C9F-B127868D86A6}.Debug|Any CPU.ActiveCfg = Debug|Any CPU
		{01468F9C-F679-49FE-9C9F-B127868D86A6}.Debug|Any CPU.Build.0 = Debug|Any CPU
		{01468F9C-F679-49FE-9C9F-B127868D86A6}.Release|Any CPU.ActiveCfg = Release|Any CPU
		{01468F9C-F679-49FE-9C9F-B127868D86A6}.Release|Any CPU.Build.0 = Release|Any CPU
		{C21F6414-06B0-406C-9864-B6C72D2009BB}.Debug|Any CPU.ActiveCfg = Debug|Any CPU
		{C21F6414-06B0-406C-9864-B6C72D2009BB}.Debug|Any CPU.Build.0 = Debug|Any CPU
		{C21F6414-06B0-406C-9864-B6C72D2009BB}.Release|Any CPU.ActiveCfg = Release|Any CPU
		{C21F6414-06B0-406C-9864-B6C72D2009BB}.Release|Any CPU.Build.0 = Release|Any CPU
		{CD8B2DC6-72C2-4459-9BC8-EB5291877316}.Debug|Any CPU.ActiveCfg = Debug|Any CPU
		{CD8B2DC6-72C2-4459-9BC8-EB5291877316}.Debug|Any CPU.Build.0 = Debug|Any CPU
		{CD8B2DC6-72C2-4459-9BC8-EB5291877316}.Release|Any CPU.ActiveCfg = Release|Any CPU
		{CD8B2DC6-72C2-4459-9BC8-EB5291877316}.Release|Any CPU.Build.0 = Release|Any CPU
		{DCB50C42-C3D0-48F9-9C1F-8D5AF99DDB95}.Debug|Any CPU.ActiveCfg = Debug|Any CPU
		{DCB50C42-C3D0-48F9-9C1F-8D5AF99DDB95}.Debug|Any CPU.Build.0 = Debug|Any CPU
		{DCB50C42-C3D0-48F9-9C1F-8D5AF99DDB95}.Release|Any CPU.ActiveCfg = Release|Any CPU
		{DCB50C42-C3D0-48F9-9C1F-8D5AF99DDB95}.Release|Any CPU.Build.0 = Release|Any CPU
		{6E74C29D-772B-40B8-868F-DC74711E052D}.Debug|Any CPU.ActiveCfg = Debug|Any CPU
		{6E74C29D-772B-40B8-868F-DC74711E052D}.Debug|Any CPU.Build.0 = Debug|Any CPU
		{6E74C29D-772B-40B8-868F-DC74711E052D}.Release|Any CPU.ActiveCfg = Release|Any CPU
		{6E74C29D-772B-40B8-868F-DC74711E052D}.Release|Any CPU.Build.0 = Release|Any CPU
	EndGlobalSection
	GlobalSection(SolutionProperties) = preSolution
		HideSolutionNode = FALSE
	EndGlobalSection
	GlobalSection(ExtensibilityGlobals) = postSolution
		SolutionGuid = {196A0825-4ED3-425E-A91F-9155D72CA094}
	EndGlobalSection
	GlobalSection(SubversionScc) = preSolution
		Svn-Managed = False
		Manager = AnkhSVN - Subversion Support for Visual Studio
	EndGlobalSection
EndGlobal
