
Microsoft Visual Studio Solution File, Format Version 11.00
# Visual Studio 2010
Project("{FAE04EC0-301F-11D3-BF4B-00C04F79EFBC}") = "PCAxis.Menu", "Menu\PCAxis.Menu.csproj", "{F5405866-B6BA-43CD-9DD1-AD6961167AFF}"
EndProject
Project("{FAE04EC0-301F-11D3-BF4B-00C04F79EFBC}") = "PCAxis.Menu.Implementations.OracleDatamodelMenu", "OracleDatamodelMenu\PCAxis.Menu.Implementations.OracleDatamodelMenu.csproj", "{79CD0AEA-E236-4E95-9032-FEDCC95D0664}"
EndProject
Project("{FAE04EC0-301F-11D3-BF4B-00C04F79EFBC}") = "PCAxis.Menu.Implementations.MsSqlDatamodelMenu", "MsSqlDatamodelMenu\PCAxis.Menu.Implementations.MsSqlDatamodelMenu.csproj", "{E40FFC98-E7B8-4871-A6EB-5645B44C20CA}"
EndProject
Project("{FAE04EC0-301F-11D3-BF4B-00C04F79EFBC}") = "PCAxis.Menu.Implementations.ConfigDatamodelMenu", "ConfigDatamodelMenu\PCAxis.Menu.Implementations.ConfigDatamodelMenu.csproj", "{5B3B610A-DFDB-4B2F-8509-DA4591864DCA}"
EndProject
Project("{FAE04EC0-301F-11D3-BF4B-00C04F79EFBC}") = "Test_PxMenuConsole", "Test_PxMenuConsole\Test_PxMenuConsole.csproj", "{98CCCDE6-A538-4408-B26F-3686C98F13A9}"
EndProject
Project("{FAE04EC0-301F-11D3-BF4B-00C04F79EFBC}") = "PCAxis.Menu.Implementations.SybaseDatamodelMenu", "PCAxis.Menu.Implementations.SybaseDatamodelMenu\PCAxis.Menu.Implementations.SybaseDatamodelMenu.csproj", "{8659B747-2CE6-4154-A5D8-18B5C80AE698}"
EndProject
Project("{FAE04EC0-301F-11D3-BF4B-00C04F79EFBC}") = "ConsoleApplication1", "ConsoleApplication1\ConsoleApplication1.csproj", "{C353067D-4C6F-4FA9-BAEA-4CB888BB6A26}"
EndProject
Global
	GlobalSection(SolutionConfigurationPlatforms) = preSolution
		Debug|.NET = Debug|.NET
		Debug|Any CPU = Debug|Any CPU
		Debug|Mixed Platforms = Debug|Mixed Platforms
		Debug|x86 = Debug|x86
		Release|.NET = Release|.NET
		Release|Any CPU = Release|Any CPU
		Release|Mixed Platforms = Release|Mixed Platforms
		Release|x86 = Release|x86
	EndGlobalSection
	GlobalSection(ProjectConfigurationPlatforms) = postSolution
		{F5405866-B6BA-43CD-9DD1-AD6961167AFF}.Debug|.NET.ActiveCfg = Debug|Any CPU
		{F5405866-B6BA-43CD-9DD1-AD6961167AFF}.Debug|Any CPU.ActiveCfg = Debug|Any CPU
		{F5405866-B6BA-43CD-9DD1-AD6961167AFF}.Debug|Any CPU.Build.0 = Debug|Any CPU
		{F5405866-B6BA-43CD-9DD1-AD6961167AFF}.Debug|Mixed Platforms.ActiveCfg = Debug|Any CPU
		{F5405866-B6BA-43CD-9DD1-AD6961167AFF}.Debug|Mixed Platforms.Build.0 = Debug|Any CPU
		{F5405866-B6BA-43CD-9DD1-AD6961167AFF}.Debug|x86.ActiveCfg = Debug|Any CPU
		{F5405866-B6BA-43CD-9DD1-AD6961167AFF}.Release|.NET.ActiveCfg = Release|Any CPU
		{F5405866-B6BA-43CD-9DD1-AD6961167AFF}.Release|Any CPU.ActiveCfg = Release|Any CPU
		{F5405866-B6BA-43CD-9DD1-AD6961167AFF}.Release|Any CPU.Build.0 = Release|Any CPU
		{F5405866-B6BA-43CD-9DD1-AD6961167AFF}.Release|Mixed Platforms.ActiveCfg = Release|Any CPU
		{F5405866-B6BA-43CD-9DD1-AD6961167AFF}.Release|Mixed Platforms.Build.0 = Release|Any CPU
		{F5405866-B6BA-43CD-9DD1-AD6961167AFF}.Release|x86.ActiveCfg = Release|Any CPU
		{79CD0AEA-E236-4E95-9032-FEDCC95D0664}.Debug|.NET.ActiveCfg = Debug|Any CPU
		{79CD0AEA-E236-4E95-9032-FEDCC95D0664}.Debug|Any CPU.ActiveCfg = Debug|Any CPU
		{79CD0AEA-E236-4E95-9032-FEDCC95D0664}.Debug|Any CPU.Build.0 = Debug|Any CPU
		{79CD0AEA-E236-4E95-9032-FEDCC95D0664}.Debug|Mixed Platforms.ActiveCfg = Debug|Any CPU
		{79CD0AEA-E236-4E95-9032-FEDCC95D0664}.Debug|Mixed Platforms.Build.0 = Debug|Any CPU
		{79CD0AEA-E236-4E95-9032-FEDCC95D0664}.Debug|x86.ActiveCfg = Debug|Any CPU
		{79CD0AEA-E236-4E95-9032-FEDCC95D0664}.Release|.NET.ActiveCfg = Release|Any CPU
		{79CD0AEA-E236-4E95-9032-FEDCC95D0664}.Release|Any CPU.ActiveCfg = Release|Any CPU
		{79CD0AEA-E236-4E95-9032-FEDCC95D0664}.Release|Any CPU.Build.0 = Release|Any CPU
		{79CD0AEA-E236-4E95-9032-FEDCC95D0664}.Release|Mixed Platforms.ActiveCfg = Release|Any CPU
		{79CD0AEA-E236-4E95-9032-FEDCC95D0664}.Release|Mixed Platforms.Build.0 = Release|Any CPU
		{79CD0AEA-E236-4E95-9032-FEDCC95D0664}.Release|x86.ActiveCfg = Release|Any CPU
		{E40FFC98-E7B8-4871-A6EB-5645B44C20CA}.Debug|.NET.ActiveCfg = Debug|Any CPU
		{E40FFC98-E7B8-4871-A6EB-5645B44C20CA}.Debug|Any CPU.ActiveCfg = Debug|Any CPU
		{E40FFC98-E7B8-4871-A6EB-5645B44C20CA}.Debug|Any CPU.Build.0 = Debug|Any CPU
		{E40FFC98-E7B8-4871-A6EB-5645B44C20CA}.Debug|Mixed Platforms.ActiveCfg = Debug|Any CPU
		{E40FFC98-E7B8-4871-A6EB-5645B44C20CA}.Debug|Mixed Platforms.Build.0 = Debug|Any CPU
		{E40FFC98-E7B8-4871-A6EB-5645B44C20CA}.Debug|x86.ActiveCfg = Debug|Any CPU
		{E40FFC98-E7B8-4871-A6EB-5645B44C20CA}.Release|.NET.ActiveCfg = Release|Any CPU
		{E40FFC98-E7B8-4871-A6EB-5645B44C20CA}.Release|Any CPU.ActiveCfg = Release|Any CPU
		{E40FFC98-E7B8-4871-A6EB-5645B44C20CA}.Release|Any CPU.Build.0 = Release|Any CPU
		{E40FFC98-E7B8-4871-A6EB-5645B44C20CA}.Release|Mixed Platforms.ActiveCfg = Release|Any CPU
		{E40FFC98-E7B8-4871-A6EB-5645B44C20CA}.Release|Mixed Platforms.Build.0 = Release|Any CPU
		{E40FFC98-E7B8-4871-A6EB-5645B44C20CA}.Release|x86.ActiveCfg = Release|Any CPU
		{5B3B610A-DFDB-4B2F-8509-DA4591864DCA}.Debug|.NET.ActiveCfg = Debug|Any CPU
		{5B3B610A-DFDB-4B2F-8509-DA4591864DCA}.Debug|Any CPU.ActiveCfg = Debug|Any CPU
		{5B3B610A-DFDB-4B2F-8509-DA4591864DCA}.Debug|Any CPU.Build.0 = Debug|Any CPU
		{5B3B610A-DFDB-4B2F-8509-DA4591864DCA}.Debug|Mixed Platforms.ActiveCfg = Debug|Any CPU
		{5B3B610A-DFDB-4B2F-8509-DA4591864DCA}.Debug|Mixed Platforms.Build.0 = Debug|Any CPU
		{5B3B610A-DFDB-4B2F-8509-DA4591864DCA}.Debug|x86.ActiveCfg = Debug|Any CPU
		{5B3B610A-DFDB-4B2F-8509-DA4591864DCA}.Release|.NET.ActiveCfg = Release|Any CPU
		{5B3B610A-DFDB-4B2F-8509-DA4591864DCA}.Release|Any CPU.ActiveCfg = Release|Any CPU
		{5B3B610A-DFDB-4B2F-8509-DA4591864DCA}.Release|Any CPU.Build.0 = Release|Any CPU
		{5B3B610A-DFDB-4B2F-8509-DA4591864DCA}.Release|Mixed Platforms.ActiveCfg = Release|Any CPU
		{5B3B610A-DFDB-4B2F-8509-DA4591864DCA}.Release|Mixed Platforms.Build.0 = Release|Any CPU
		{5B3B610A-DFDB-4B2F-8509-DA4591864DCA}.Release|x86.ActiveCfg = Release|Any CPU
		{98CCCDE6-A538-4408-B26F-3686C98F13A9}.Debug|.NET.ActiveCfg = Debug|Any CPU
		{98CCCDE6-A538-4408-B26F-3686C98F13A9}.Debug|Any CPU.ActiveCfg = Debug|Any CPU
		{98CCCDE6-A538-4408-B26F-3686C98F13A9}.Debug|Any CPU.Build.0 = Debug|Any CPU
		{98CCCDE6-A538-4408-B26F-3686C98F13A9}.Debug|Mixed Platforms.ActiveCfg = Debug|Any CPU
		{98CCCDE6-A538-4408-B26F-3686C98F13A9}.Debug|Mixed Platforms.Build.0 = Debug|Any CPU
		{98CCCDE6-A538-4408-B26F-3686C98F13A9}.Debug|x86.ActiveCfg = Debug|Any CPU
		{98CCCDE6-A538-4408-B26F-3686C98F13A9}.Release|.NET.ActiveCfg = Release|Any CPU
		{98CCCDE6-A538-4408-B26F-3686C98F13A9}.Release|Any CPU.ActiveCfg = Release|Any CPU
		{98CCCDE6-A538-4408-B26F-3686C98F13A9}.Release|Any CPU.Build.0 = Release|Any CPU
		{98CCCDE6-A538-4408-B26F-3686C98F13A9}.Release|Mixed Platforms.ActiveCfg = Release|Any CPU
		{98CCCDE6-A538-4408-B26F-3686C98F13A9}.Release|Mixed Platforms.Build.0 = Release|Any CPU
		{98CCCDE6-A538-4408-B26F-3686C98F13A9}.Release|x86.ActiveCfg = Release|Any CPU
		{8659B747-2CE6-4154-A5D8-18B5C80AE698}.Debug|.NET.ActiveCfg = Debug|Any CPU
		{8659B747-2CE6-4154-A5D8-18B5C80AE698}.Debug|Any CPU.ActiveCfg = Debug|Any CPU
		{8659B747-2CE6-4154-A5D8-18B5C80AE698}.Debug|Any CPU.Build.0 = Debug|Any CPU
		{8659B747-2CE6-4154-A5D8-18B5C80AE698}.Debug|Mixed Platforms.ActiveCfg = Debug|Any CPU
		{8659B747-2CE6-4154-A5D8-18B5C80AE698}.Debug|Mixed Platforms.Build.0 = Debug|Any CPU
		{8659B747-2CE6-4154-A5D8-18B5C80AE698}.Debug|x86.ActiveCfg = Debug|Any CPU
		{8659B747-2CE6-4154-A5D8-18B5C80AE698}.Release|.NET.ActiveCfg = Release|Any CPU
		{8659B747-2CE6-4154-A5D8-18B5C80AE698}.Release|Any CPU.ActiveCfg = Release|Any CPU
		{8659B747-2CE6-4154-A5D8-18B5C80AE698}.Release|Any CPU.Build.0 = Release|Any CPU
		{8659B747-2CE6-4154-A5D8-18B5C80AE698}.Release|Mixed Platforms.ActiveCfg = Release|Any CPU
		{8659B747-2CE6-4154-A5D8-18B5C80AE698}.Release|Mixed Platforms.Build.0 = Release|Any CPU
		{8659B747-2CE6-4154-A5D8-18B5C80AE698}.Release|x86.ActiveCfg = Release|Any CPU
		{C353067D-4C6F-4FA9-BAEA-4CB888BB6A26}.Debug|.NET.ActiveCfg = Debug|x86
		{C353067D-4C6F-4FA9-BAEA-4CB888BB6A26}.Debug|Any CPU.ActiveCfg = Debug|x86
		{C353067D-4C6F-4FA9-BAEA-4CB888BB6A26}.Debug|Mixed Platforms.ActiveCfg = Debug|x86
		{C353067D-4C6F-4FA9-BAEA-4CB888BB6A26}.Debug|Mixed Platforms.Build.0 = Debug|x86
		{C353067D-4C6F-4FA9-BAEA-4CB888BB6A26}.Debug|x86.ActiveCfg = Debug|x86
		{C353067D-4C6F-4FA9-BAEA-4CB888BB6A26}.Debug|x86.Build.0 = Debug|x86
		{C353067D-4C6F-4FA9-BAEA-4CB888BB6A26}.Release|.NET.ActiveCfg = Release|x86
		{C353067D-4C6F-4FA9-BAEA-4CB888BB6A26}.Release|Any CPU.ActiveCfg = Release|x86
		{C353067D-4C6F-4FA9-BAEA-4CB888BB6A26}.Release|Mixed Platforms.ActiveCfg = Release|x86
		{C353067D-4C6F-4FA9-BAEA-4CB888BB6A26}.Release|Mixed Platforms.Build.0 = Release|x86
		{C353067D-4C6F-4FA9-BAEA-4CB888BB6A26}.Release|x86.ActiveCfg = Release|x86
		{C353067D-4C6F-4FA9-BAEA-4CB888BB6A26}.Release|x86.Build.0 = Release|x86
	EndGlobalSection
	GlobalSection(SolutionProperties) = preSolution
		HideSolutionNode = FALSE
	EndGlobalSection
EndGlobal
